
Microsoft Visual Studio Solution File, Format Version 10.00
# Visual Studio 2008
Project("{FAE04EC0-301F-11D3-BF4B-00C04F79EFBC}") = "metadata_Console", "metadata_Console\metadata_Console.csproj", "{24026654-56B6-49C6-BDBD-29BBCA6FB615}"
EndProject
Global
	GlobalSection(SolutionConfigurationPlatforms) = preSolution
		Debug|Any CPU = Debug|Any CPU
		Release|Any CPU = Release|Any CPU
	EndGlobalSection
	GlobalSection(ProjectConfigurationPlatforms) = postSolution
		{24026654-56B6-49C6-BDBD-29BBCA6FB615}.Debug|Any CPU.ActiveCfg = Debug|Any CPU
		{24026654-56B6-49C6-BDBD-29BBCA6FB615}.Debug|Any CPU.Build.0 = Debug|Any CPU
		{24026654-56B6-49C6-BDBD-29BBCA6FB615}.Release|Any CPU.ActiveCfg = Release|Any CPU
		{24026654-56B6-49C6-BDBD-29BBCA6FB615}.Release|Any CPU.Build.0 = Release|Any CPU
	EndGlobalSection
	GlobalSection(SolutionProperties) = preSolution
		HideSolutionNode = FALSE
	EndGlobalSection
EndGlobal
